// !$*UTF8*$!
{
	archiveVersion = 1;
	classes = {
	};
	objectVersion = 46;
	objects = {

/* Begin PBXBuildFile section */
		AB13ECA61C494403006E134C /* AppDelegate.swift in Sources */ = {isa = PBXBuildFile; fileRef = AB13ECA51C494403006E134C /* AppDelegate.swift */; };
		AB13ECA81C494403006E134C /* Assets.xcassets in Resources */ = {isa = PBXBuildFile; fileRef = AB13ECA71C494403006E134C /* Assets.xcassets */; };
		AB13ECAB1C494403006E134C /* MainMenu.xib in Resources */ = {isa = PBXBuildFile; fileRef = AB13ECA91C494403006E134C /* MainMenu.xib */; };
		AB13ECB61C494403006E134C /* CalculatorTests.swift in Sources */ = {isa = PBXBuildFile; fileRef = AB13ECB51C494403006E134C /* CalculatorTests.swift */; };
		AB13ECC11C494403006E134C /* CalculatorUITests.swift in Sources */ = {isa = PBXBuildFile; fileRef = AB13ECC01C494403006E134C /* CalculatorUITests.swift */; };
		AB78AAC21C4DB10D00D374BF /* CalculatorBrain.swift in Sources */ = {isa = PBXBuildFile; fileRef = AB78AAC11C4DB10D00D374BF /* CalculatorBrain.swift */; };
		AB989B991C49BD2E00D0271F /* MasterViewController.swift in Sources */ = {isa = PBXBuildFile; fileRef = AB989B971C49BD2E00D0271F /* MasterViewController.swift */; };
		AB989B9A1C49BD2E00D0271F /* MasterViewController.xib in Resources */ = {isa = PBXBuildFile; fileRef = AB989B981C49BD2E00D0271F /* MasterViewController.xib */; };
/* End PBXBuildFile section */

/* Begin PBXContainerItemProxy section */
		AB13ECB21C494403006E134C /* PBXContainerItemProxy */ = {
			isa = PBXContainerItemProxy;
			containerPortal = AB13EC9A1C494403006E134C /* Project object */;
			proxyType = 1;
			remoteGlobalIDString = AB13ECA11C494403006E134C;
			remoteInfo = Calculator;
		};
		AB13ECBD1C494403006E134C /* PBXContainerItemProxy */ = {
			isa = PBXContainerItemProxy;
			containerPortal = AB13EC9A1C494403006E134C /* Project object */;
			proxyType = 1;
			remoteGlobalIDString = AB13ECA11C494403006E134C;
			remoteInfo = Calculator;
		};
/* End PBXContainerItemProxy section */

/* Begin PBXFileReference section */
		AB13ECA21C494403006E134C /* Calculator.app */ = {isa = PBXFileReference; explicitFileType = wrapper.application; includeInIndex = 0; path = Calculator.app; sourceTree = BUILT_PRODUCTS_DIR; };
		AB13ECA51C494403006E134C /* AppDelegate.swift */ = {isa = PBXFileReference; lastKnownFileType = sourcecode.swift; path = AppDelegate.swift; sourceTree = "<group>"; };
		AB13ECA71C494403006E134C /* Assets.xcassets */ = {isa = PBXFileReference; lastKnownFileType = folder.assetcatalog; path = Assets.xcassets; sourceTree = "<group>"; };
		AB13ECAA1C494403006E134C /* Base */ = {isa = PBXFileReference; lastKnownFileType = file.xib; name = Base; path = Base.lproj/MainMenu.xib; sourceTree = "<group>"; };
		AB13ECAC1C494403006E134C /* Info.plist */ = {isa = PBXFileReference; lastKnownFileType = text.plist.xml; path = Info.plist; sourceTree = "<group>"; };
		AB13ECB11C494403006E134C /* CalculatorTests.xctest */ = {isa = PBXFileReference; explicitFileType = wrapper.cfbundle; includeInIndex = 0; path = CalculatorTests.xctest; sourceTree = BUILT_PRODUCTS_DIR; };
		AB13ECB51C494403006E134C /* CalculatorTests.swift */ = {isa = PBXFileReference; lastKnownFileType = sourcecode.swift; path = CalculatorTests.swift; sourceTree = "<group>"; };
		AB13ECB71C494403006E134C /* Info.plist */ = {isa = PBXFileReference; lastKnownFileType = text.plist.xml; path = Info.plist; sourceTree = "<group>"; };
		AB13ECBC1C494403006E134C /* CalculatorUITests.xctest */ = {isa = PBXFileReference; explicitFileType = wrapper.cfbundle; includeInIndex = 0; path = CalculatorUITests.xctest; sourceTree = BUILT_PRODUCTS_DIR; };
		AB13ECC01C494403006E134C /* CalculatorUITests.swift */ = {isa = PBXFileReference; lastKnownFileType = sourcecode.swift; path = CalculatorUITests.swift; sourceTree = "<group>"; };
		AB13ECC21C494403006E134C /* Info.plist */ = {isa = PBXFileReference; lastKnownFileType = text.plist.xml; path = Info.plist; sourceTree = "<group>"; };
		AB1434A01C4E8C0F00CED04A /* README.md */ = {isa = PBXFileReference; fileEncoding = 4; lastKnownFileType = net.daringfireball.markdown; path = README.md; sourceTree = "<group>"; };
		AB78AAC11C4DB10D00D374BF /* CalculatorBrain.swift */ = {isa = PBXFileReference; fileEncoding = 4; lastKnownFileType = sourcecode.swift; path = CalculatorBrain.swift; sourceTree = "<group>"; };
		AB989B971C49BD2E00D0271F /* MasterViewController.swift */ = {isa = PBXFileReference; fileEncoding = 4; lastKnownFileType = sourcecode.swift; path = MasterViewController.swift; sourceTree = "<group>"; };
		AB989B981C49BD2E00D0271F /* MasterViewController.xib */ = {isa = PBXFileReference; fileEncoding = 4; lastKnownFileType = file.xib; path = MasterViewController.xib; sourceTree = "<group>"; };
/* End PBXFileReference section */

/* Begin PBXFrameworksBuildPhase section */
		AB13EC9F1C494403006E134C /* Frameworks */ = {
			isa = PBXFrameworksBuildPhase;
			buildActionMask = 2147483647;
			files = (
			);
			runOnlyForDeploymentPostprocessing = 0;
		};
		AB13ECAE1C494403006E134C /* Frameworks */ = {
			isa = PBXFrameworksBuildPhase;
			buildActionMask = 2147483647;
			files = (
			);
			runOnlyForDeploymentPostprocessing = 0;
		};
		AB13ECB91C494403006E134C /* Frameworks */ = {
			isa = PBXFrameworksBuildPhase;
			buildActionMask = 2147483647;
			files = (
			);
			runOnlyForDeploymentPostprocessing = 0;
		};
/* End PBXFrameworksBuildPhase section */

/* Begin PBXGroup section */
		AB13EC991C494403006E134C = {
			isa = PBXGroup;
			children = (
				AB13ECA41C494403006E134C /* Calculator */,
				AB13ECBF1C494403006E134C /* CalculatorUITests */,
				AB13ECB41C494403006E134C /* CalculatorTests */,
				AB13ECA31C494403006E134C /* Products */,
				AB1434A01C4E8C0F00CED04A /* README.md */,
			);
			sourceTree = "<group>";
		};
		AB13ECA31C494403006E134C /* Products */ = {
			isa = PBXGroup;
			children = (
				AB13ECA21C494403006E134C /* Calculator.app */,
				AB13ECB11C494403006E134C /* CalculatorTests.xctest */,
				AB13ECBC1C494403006E134C /* CalculatorUITests.xctest */,
			);
			name = Products;
			sourceTree = "<group>";
		};
		AB13ECA41C494403006E134C /* Calculator */ = {
			isa = PBXGroup;
			children = (
				ABAC10FA1C5238A50097A217 /* Models */,
				ABAC10F91C52389D0097A217 /* Controllers */,
				AB989B9B1C49BD3B00D0271F /* GUI */,
				AB13ECA51C494403006E134C /* AppDelegate.swift */,
				AB13ECA91C494403006E134C /* MainMenu.xib */,
				AB13ECAC1C494403006E134C /* Info.plist */,
				AB13ECA71C494403006E134C /* Assets.xcassets */,
			);
			path = Calculator;
			sourceTree = "<group>";
		};
		AB13ECB41C494403006E134C /* CalculatorTests */ = {
			isa = PBXGroup;
			children = (
				AB13ECB51C494403006E134C /* CalculatorTests.swift */,
				AB13ECB71C494403006E134C /* Info.plist */,
			);
			path = CalculatorTests;
			sourceTree = SOURCE_ROOT;
		};
		AB13ECBF1C494403006E134C /* CalculatorUITests */ = {
			isa = PBXGroup;
			children = (
				AB13ECC01C494403006E134C /* CalculatorUITests.swift */,
				AB13ECC21C494403006E134C /* Info.plist */,
			);
			path = CalculatorUITests;
			sourceTree = "<group>";
		};
		AB989B9B1C49BD3B00D0271F /* GUI */ = {
			isa = PBXGroup;
			children = (
				AB989B981C49BD2E00D0271F /* MasterViewController.xib */,
			);
			name = GUI;
			sourceTree = "<group>";
		};
		ABAC10F91C52389D0097A217 /* Controllers */ = {
			isa = PBXGroup;
			children = (
				AB989B971C49BD2E00D0271F /* MasterViewController.swift */,
			);
			name = Controllers;
			sourceTree = "<group>";
		};
		ABAC10FA1C5238A50097A217 /* Models */ = {
			isa = PBXGroup;
			children = (
				AB78AAC11C4DB10D00D374BF /* CalculatorBrain.swift */,
			);
			name = Models;
			sourceTree = "<group>";
		};
/* End PBXGroup section */

/* Begin PBXNativeTarget section */
		AB13ECA11C494403006E134C /* Calculator */ = {
			isa = PBXNativeTarget;
			buildConfigurationList = AB13ECC51C494403006E134C /* Build configuration list for PBXNativeTarget "Calculator" */;
			buildPhases = (
				AB13EC9E1C494403006E134C /* Sources */,
				AB13EC9F1C494403006E134C /* Frameworks */,
				AB13ECA01C494403006E134C /* Resources */,
			);
			buildRules = (
			);
			dependencies = (
			);
			name = Calculator;
			productName = Calculator;
			productReference = AB13ECA21C494403006E134C /* Calculator.app */;
			productType = "com.apple.product-type.application";
		};
		AB13ECB01C494403006E134C /* CalculatorTests */ = {
			isa = PBXNativeTarget;
			buildConfigurationList = AB13ECC81C494403006E134C /* Build configuration list for PBXNativeTarget "CalculatorTests" */;
			buildPhases = (
				AB13ECAD1C494403006E134C /* Sources */,
				AB13ECAE1C494403006E134C /* Frameworks */,
				AB13ECAF1C494403006E134C /* Resources */,
			);
			buildRules = (
			);
			dependencies = (
				AB13ECB31C494403006E134C /* PBXTargetDependency */,
			);
			name = CalculatorTests;
			productName = CalculatorTests;
			productReference = AB13ECB11C494403006E134C /* CalculatorTests.xctest */;
			productType = "com.apple.product-type.bundle.unit-test";
		};
		AB13ECBB1C494403006E134C /* CalculatorUITests */ = {
			isa = PBXNativeTarget;
			buildConfigurationList = AB13ECCB1C494403006E134C /* Build configuration list for PBXNativeTarget "CalculatorUITests" */;
			buildPhases = (
				AB13ECB81C494403006E134C /* Sources */,
				AB13ECB91C494403006E134C /* Frameworks */,
				AB13ECBA1C494403006E134C /* Resources */,
			);
			buildRules = (
			);
			dependencies = (
				AB13ECBE1C494403006E134C /* PBXTargetDependency */,
			);
			name = CalculatorUITests;
			productName = CalculatorUITests;
			productReference = AB13ECBC1C494403006E134C /* CalculatorUITests.xctest */;
			productType = "com.apple.product-type.bundle.ui-testing";
		};
/* End PBXNativeTarget section */

/* Begin PBXProject section */
		AB13EC9A1C494403006E134C /* Project object */ = {
			isa = PBXProject;
			attributes = {
				LastSwiftUpdateCheck = 0720;
				LastUpgradeCheck = 0720;
				ORGANIZATIONNAME = "Oskar Mendel";
				TargetAttributes = {
					AB13ECA11C494403006E134C = {
						CreatedOnToolsVersion = 7.2;
					};
					AB13ECB01C494403006E134C = {
						CreatedOnToolsVersion = 7.2;
						TestTargetID = AB13ECA11C494403006E134C;
					};
					AB13ECBB1C494403006E134C = {
						CreatedOnToolsVersion = 7.2;
						TestTargetID = AB13ECA11C494403006E134C;
					};
				};
			};
			buildConfigurationList = AB13EC9D1C494403006E134C /* Build configuration list for PBXProject "Calculator" */;
			compatibilityVersion = "Xcode 3.2";
			developmentRegion = English;
			hasScannedForEncodings = 0;
			knownRegions = (
				en,
				Base,
			);
			mainGroup = AB13EC991C494403006E134C;
			productRefGroup = AB13ECA31C494403006E134C /* Products */;
			projectDirPath = "";
			projectRoot = "";
			targets = (
				AB13ECA11C494403006E134C /* Calculator */,
				AB13ECB01C494403006E134C /* CalculatorTests */,
				AB13ECBB1C494403006E134C /* CalculatorUITests */,
			);
		};
/* End PBXProject section */

/* Begin PBXResourcesBuildPhase section */
		AB13ECA01C494403006E134C /* Resources */ = {
			isa = PBXResourcesBuildPhase;
			buildActionMask = 2147483647;
			files = (
				AB13ECA81C494403006E134C /* Assets.xcassets in Resources */,
				AB13ECAB1C494403006E134C /* MainMenu.xib in Resources */,
				AB989B9A1C49BD2E00D0271F /* MasterViewController.xib in Resources */,
			);
			runOnlyForDeploymentPostprocessing = 0;
		};
		AB13ECAF1C494403006E134C /* Resources */ = {
			isa = PBXResourcesBuildPhase;
			buildActionMask = 2147483647;
			files = (
			);
			runOnlyForDeploymentPostprocessing = 0;
		};
		AB13ECBA1C494403006E134C /* Resources */ = {
			isa = PBXResourcesBuildPhase;
			buildActionMask = 2147483647;
			files = (
			);
			runOnlyForDeploymentPostprocessing = 0;
		};
/* End PBXResourcesBuildPhase section */

/* Begin PBXSourcesBuildPhase section */
		AB13EC9E1C494403006E134C /* Sources */ = {
			isa = PBXSourcesBuildPhase;
			buildActionMask = 2147483647;
			files = (
				AB78AAC21C4DB10D00D374BF /* CalculatorBrain.swift in Sources */,
				AB989B991C49BD2E00D0271F /* MasterViewController.swift in Sources */,
				AB13ECA61C494403006E134C /* AppDelegate.swift in Sources */,
			);
			runOnlyForDeploymentPostprocessing = 0;
		};
		AB13ECAD1C494403006E134C /* Sources */ = {
			isa = PBXSourcesBuildPhase;
			buildActionMask = 2147483647;
			files = (
				AB13ECB61C494403006E134C /* CalculatorTests.swift in Sources */,
			);
			runOnlyForDeploymentPostprocessing = 0;
		};
		AB13ECB81C494403006E134C /* Sources */ = {
			isa = PBXSourcesBuildPhase;
			buildActionMask = 2147483647;
			files = (
				AB13ECC11C494403006E134C /* CalculatorUITests.swift in Sources */,
			);
			runOnlyForDeploymentPostprocessing = 0;
		};
/* End PBXSourcesBuildPhase section */

/* Begin PBXTargetDependency section */
		AB13ECB31C494403006E134C /* PBXTargetDependency */ = {
			isa = PBXTargetDependency;
			target = AB13ECA11C494403006E134C /* Calculator */;
			targetProxy = AB13ECB21C494403006E134C /* PBXContainerItemProxy */;
		};
		AB13ECBE1C494403006E134C /* PBXTargetDependency */ = {
			isa = PBXTargetDependency;
			target = AB13ECA11C494403006E134C /* Calculator */;
			targetProxy = AB13ECBD1C494403006E134C /* PBXContainerItemProxy */;
		};
/* End PBXTargetDependency section */

/* Begin PBXVariantGroup section */
		AB13ECA91C494403006E134C /* MainMenu.xib */ = {
			isa = PBXVariantGroup;
			children = (
				AB13ECAA1C494403006E134C /* Base */,
			);
			name = MainMenu.xib;
			sourceTree = "<group>";
		};
/* End PBXVariantGroup section */

/* Begin XCBuildConfiguration section */
		AB13ECC31C494403006E134C /* Debug */ = {
			isa = XCBuildConfiguration;
			buildSettings = {
				ALWAYS_SEARCH_USER_PATHS = NO;
				CLANG_CXX_LANGUAGE_STANDARD = "gnu++0x";
				CLANG_CXX_LIBRARY = "libc++";
				CLANG_ENABLE_MODULES = YES;
				CLANG_ENABLE_OBJC_ARC = YES;
				CLANG_WARN_BOOL_CONVERSION = YES;
				CLANG_WARN_CONSTANT_CONVERSION = YES;
				CLANG_WARN_DIRECT_OBJC_ISA_USAGE = YES_ERROR;
				CLANG_WARN_EMPTY_BODY = YES;
				CLANG_WARN_ENUM_CONVERSION = YES;
				CLANG_WARN_INT_CONVERSION = YES;
				CLANG_WARN_OBJC_ROOT_CLASS = YES_ERROR;
				CLANG_WARN_UNREACHABLE_CODE = YES;
				CLANG_WARN__DUPLICATE_METHOD_MATCH = YES;
				CODE_SIGN_IDENTITY = "-";
				COPY_PHASE_STRIP = NO;
				DEBUG_INFORMATION_FORMAT = dwarf;
				ENABLE_STRICT_OBJC_MSGSEND = YES;
				ENABLE_TESTABILITY = YES;
				GCC_C_LANGUAGE_STANDARD = gnu99;
				GCC_DYNAMIC_NO_PIC = NO;
				GCC_NO_COMMON_BLOCKS = YES;
				GCC_OPTIMIZATION_LEVEL = 0;
				GCC_PREPROCESSOR_DEFINITIONS = (
					"DEBUG=1",
					"$(inherited)",
				);
				GCC_WARN_64_TO_32_BIT_CONVERSION = YES;
				GCC_WARN_ABOUT_RETURN_TYPE = YES_ERROR;
				GCC_WARN_UNDECLARED_SELECTOR = YES;
				GCC_WARN_UNINITIALIZED_AUTOS = YES_AGGRESSIVE;
				GCC_WARN_UNUSED_FUNCTION = YES;
				GCC_WARN_UNUSED_VARIABLE = YES;
				MACOSX_DEPLOYMENT_TARGET = 10.11;
				MTL_ENABLE_DEBUG_INFO = YES;
				ONLY_ACTIVE_ARCH = YES;
				SDKROOT = macosx;
				SWIFT_OPTIMIZATION_LEVEL = "-Onone";
			};
			name = Debug;
		};
		AB13ECC41C494403006E134C /* Release */ = {
			isa = XCBuildConfiguration;
			buildSettings = {
				ALWAYS_SEARCH_USER_PATHS = NO;
				CLANG_CXX_LANGUAGE_STANDARD = "gnu++0x";
				CLANG_CXX_LIBRARY = "libc++";
				CLANG_ENABLE_MODULES = YES;
				CLANG_ENABLE_OBJC_ARC = YES;
				CLANG_WARN_BOOL_CONVERSION = YES;
				CLANG_WARN_CONSTANT_CONVERSION = YES;
				CLANG_WARN_DIRECT_OBJC_ISA_USAGE = YES_ERROR;
				CLANG_WARN_EMPTY_BODY = YES;
				CLANG_WARN_ENUM_CONVERSION = YES;
				CLANG_WARN_INT_CONVERSION = YES;
				CLANG_WARN_OBJC_ROOT_CLASS = YES_ERROR;
				CLANG_WARN_UNREACHABLE_CODE = YES;
				CLANG_WARN__DUPLICATE_METHOD_MATCH = YES;
				CODE_SIGN_IDENTITY = "-";
				COPY_PHASE_STRIP = NO;
				DEBUG_INFORMATION_FORMAT = "dwarf-with-dsym";
				ENABLE_NS_ASSERTIONS = NO;
				ENABLE_STRICT_OBJC_MSGSEND = YES;
				GCC_C_LANGUAGE_STANDARD = gnu99;
				GCC_NO_COMMON_BLOCKS = YES;
				GCC_WARN_64_TO_32_BIT_CONVERSION = YES;
				GCC_WARN_ABOUT_RETURN_TYPE = YES_ERROR;
				GCC_WARN_UNDECLARED_SELECTOR = YES;
				GCC_WARN_UNINITIALIZED_AUTOS = YES_AGGRESSIVE;
				GCC_WARN_UNUSED_FUNCTION = YES;
				GCC_WARN_UNUSED_VARIABLE = YES;
				MACOSX_DEPLOYMENT_TARGET = 10.11;
				MTL_ENABLE_DEBUG_INFO = NO;
				SDKROOT = macosx;
			};
			name = Release;
		};
		AB13ECC61C494403006E134C /* Debug */ = {
			isa = XCBuildConfiguration;
			buildSettings = {
				ASSETCATALOG_COMPILER_APPICON_NAME = AppIcon;
				COMBINE_HIDPI_IMAGES = YES;
				INFOPLIST_FILE = Calculator/Info.plist;
				LD_RUNPATH_SEARCH_PATHS = "$(inherited) @executable_path/../Frameworks";
				PRODUCT_BUNDLE_IDENTIFIER = com.oskarmendel.Calculator;
				PRODUCT_NAME = "$(TARGET_NAME)";
			};
			name = Debug;
		};
		AB13ECC71C494403006E134C /* Release */ = {
			isa = XCBuildConfiguration;
			buildSettings = {
				ASSETCATALOG_COMPILER_APPICON_NAME = AppIcon;
				COMBINE_HIDPI_IMAGES = YES;
				INFOPLIST_FILE = Calculator/Info.plist;
				LD_RUNPATH_SEARCH_PATHS = "$(inherited) @executable_path/../Frameworks";
				PRODUCT_BUNDLE_IDENTIFIER = com.oskarmendel.Calculator;
				PRODUCT_NAME = "$(TARGET_NAME)";
			};
			name = Release;
		};
		AB13ECC91C494403006E134C /* Debug */ = {
			isa = XCBuildConfiguration;
			buildSettings = {
				BUNDLE_LOADER = "$(TEST_HOST)";
				COMBINE_HIDPI_IMAGES = YES;
				INFOPLIST_FILE = CalculatorTests/Info.plist;
				LD_RUNPATH_SEARCH_PATHS = "$(inherited) @executable_path/../Frameworks @loader_path/../Frameworks";
				PRODUCT_BUNDLE_IDENTIFIER = com.oskarmendel.CalculatorTests;
				PRODUCT_NAME = "$(TARGET_NAME)";
				TEST_HOST = "$(BUILT_PRODUCTS_DIR)/Calculator.app/Contents/MacOS/Calculator";
			};
			name = Debug;
		};
		AB13ECCA1C494403006E134C /* Release */ = {
			isa = XCBuildConfiguration;
			buildSettings = {
				BUNDLE_LOADER = "$(TEST_HOST)";
				COMBINE_HIDPI_IMAGES = YES;
				INFOPLIST_FILE = CalculatorTests/Info.plist;
				LD_RUNPATH_SEARCH_PATHS = "$(inherited) @executable_path/../Frameworks @loader_path/../Frameworks";
				PRODUCT_BUNDLE_IDENTIFIER = com.oskarmendel.CalculatorTests;
				PRODUCT_NAME = "$(TARGET_NAME)";
				TEST_HOST = "$(BUILT_PRODUCTS_DIR)/Calculator.app/Contents/MacOS/Calculator";
			};
			name = Release;
		};
		AB13ECCC1C494403006E134C /* Debug */ = {
			isa = XCBuildConfiguration;
			buildSettings = {
				COMBINE_HIDPI_IMAGES = YES;
				INFOPLIST_FILE = CalculatorUITests/Info.plist;
				LD_RUNPATH_SEARCH_PATHS = "$(inherited) @executable_path/../Frameworks @loader_path/../Frameworks";
				PRODUCT_BUNDLE_IDENTIFIER = com.oskarmendel.CalculatorUITests;
				PRODUCT_NAME = "$(TARGET_NAME)";
				TEST_TARGET_NAME = Calculator;
				USES_XCTRUNNER = YES;
			};
			name = Debug;
		};
		AB13ECCD1C494403006E134C /* Release */ = {
			isa = XCBuildConfiguration;
			buildSettings = {
				COMBINE_HIDPI_IMAGES = YES;
				INFOPLIST_FILE = CalculatorUITests/Info.plist;
				LD_RUNPATH_SEARCH_PATHS = "$(inherited) @executable_path/../Frameworks @loader_path/../Frameworks";
				PRODUCT_BUNDLE_IDENTIFIER = com.oskarmendel.CalculatorUITests;
				PRODUCT_NAME = "$(TARGET_NAME)";
				TEST_TARGET_NAME = Calculator;
				USES_XCTRUNNER = YES;
			};
			name = Release;
		};
/* End XCBuildConfiguration section */

/* Begin XCConfigurationList section */
		AB13EC9D1C494403006E134C /* Build configuration list for PBXProject "Calculator" */ = {
			isa = XCConfigurationList;
			buildConfigurations = (
				AB13ECC31C494403006E134C /* Debug */,
				AB13ECC41C494403006E134C /* Release */,
			);
			defaultConfigurationIsVisible = 0;
			defaultConfigurationName = Release;
		};
		AB13ECC51C494403006E134C /* Build configuration list for PBXNativeTarget "Calculator" */ = {
			isa = XCConfigurationList;
			buildConfigurations = (
				AB13ECC61C494403006E134C /* Debug */,
				AB13ECC71C494403006E134C /* Release */,
			);
			defaultConfigurationIsVisible = 0;
			defaultConfigurationName = Release;
		};
		AB13ECC81C494403006E134C /* Build configuration list for PBXNativeTarget "CalculatorTests" */ = {
			isa = XCConfigurationList;
			buildConfigurations = (
				AB13ECC91C494403006E134C /* Debug */,
				AB13ECCA1C494403006E134C /* Release */,
			);
			defaultConfigurationIsVisible = 0;
			defaultConfigurationName = Release;
		};
		AB13ECCB1C494403006E134C /* Build configuration list for PBXNativeTarget "CalculatorUITests" */ = {
			isa = XCConfigurationList;
			buildConfigurations = (
				AB13ECCC1C494403006E134C /* Debug */,
				AB13ECCD1C494403006E134C /* Release */,
			);
			defaultConfigurationIsVisible = 0;
			defaultConfigurationName = Release;
		};
/* End XCConfigurationList section */
	};
	rootObject = AB13EC9A1C494403006E134C /* Project object */;
}
